PODS:
  - Alamofire (5.0.0-beta.3)
  - RxAtomic (4.4.2)
  - RxCocoa (4.4.2):
    - RxSwift (>= 4.4.2, ~> 4.4)
  - RxSwift (4.4.2):
    - RxAtomic (>= 4.4.2, ~> 4.4)
  - SDWebImage (4.4.6):
    - SDWebImage/Core (= 4.4.6)
  - SDWebImage/Core (4.4.6)

DEPENDENCIES:
  - Alamofire (~> 5.0.0-beta.3)
  - RxCocoa
  - RxSwift
  - SDWebImage (~> 4.0)

SPEC REPOS:
  https://github.com/cocoapods/specs.git:
    - Alamofire
    - RxAtomic
    - RxCocoa
    - RxSwift
    - SDWebImage

SPEC CHECKSUMS:
  Alamofire: 50d6fa7e8cbe7f84559e86ab641ffd029db655f8
  RxAtomic: d00e97c10db88c6f08540e0bf2752fc5a2404167
  RxCocoa: 477990dc3b4c3ff55fb0ac77e1cc06244e0aaec8
  RxSwift: 74c29b693c8e42b0f64400e8b06564575742d649
  SDWebImage: 3f3f0c02f09798048c47a5ed0a13f17b063572d8

PODFILE CHECKSUM: d7ffff6bb5fe573ebf06a7dee2ea41515479ca20

COCOAPODS: 1.5.3
